
Microsoft Visual Studio Solution File, Format Version 12.00
# Visual Studio 15
Project("{D954291E-2A0B-460D-934E-DC6B0785DB48}") = "BlankNativeApp", "BlankNativeApp.shproj", "{926ADD2C-A703-43E3-B11D-57BE53064CA4}"
EndProject
Project("{FAE04EC0-301F-11D3-BF4B-00C04F79EFBC}") = "BlankNativeApp.Droid", "Droid\BlankNativeApp.Droid.csproj", "{02A3D6B1-5564-4B21-877B-AEB573B962A7}"
EndProject
Project("{FAE04EC0-301F-11D3-BF4B-00C04F79EFBC}") = "BlankNativeApp.iOS", "iOS\BlankNativeApp.iOS.csproj", "{51B97E1F-8CC3-4287-BF73-18A0C8ABC796}"
EndProject
Global
	GlobalSection(SolutionConfigurationPlatforms) = preSolution
		Debug|Any CPU = Debug|Any CPU
		Release|Any CPU = Release|Any CPU
		Debug|iPhoneSimulator = Debug|iPhoneSimulator
		Release|iPhone = Release|iPhone
		Release|iPhoneSimulator = Release|iPhoneSimulator
		Debug|iPhone = Debug|iPhone
	EndGlobalSection
	GlobalSection(ProjectConfigurationPlatforms) = postSolution
		{02A3D6B1-5564-4B21-877B-AEB573B962A7}.Debug|Any CPU.ActiveCfg = Debug|Any CPU
		{02A3D6B1-5564-4B21-877B-AEB573B962A7}.Debug|Any CPU.Build.0 = Debug|Any CPU
		{02A3D6B1-5564-4B21-877B-AEB573B962A7}.Release|Any CPU.ActiveCfg = Release|Any CPU
		{02A3D6B1-5564-4B21-877B-AEB573B962A7}.Release|Any CPU.Build.0 = Release|Any CPU
		{02A3D6B1-5564-4B21-877B-AEB573B962A7}.Debug|iPhoneSimulator.ActiveCfg = Debug|Any CPU
		{02A3D6B1-5564-4B21-877B-AEB573B962A7}.Debug|iPhoneSimulator.Build.0 = Debug|Any CPU
		{02A3D6B1-5564-4B21-877B-AEB573B962A7}.Release|iPhone.ActiveCfg = Release|Any CPU
		{02A3D6B1-5564-4B21-877B-AEB573B962A7}.Release|iPhone.Build.0 = Release|Any CPU
		{02A3D6B1-5564-4B21-877B-AEB573B962A7}.Release|iPhoneSimulator.ActiveCfg = Release|Any CPU
		{02A3D6B1-5564-4B21-877B-AEB573B962A7}.Release|iPhoneSimulator.Build.0 = Release|Any CPU
		{02A3D6B1-5564-4B21-877B-AEB573B962A7}.Debug|iPhone.ActiveCfg = Debug|Any CPU
		{02A3D6B1-5564-4B21-877B-AEB573B962A7}.Debug|iPhone.Build.0 = Debug|Any CPU
		{51B97E1F-8CC3-4287-BF73-18A0C8ABC796}.Debug|Any CPU.ActiveCfg = Debug|iPhoneSimulator
		{51B97E1F-8CC3-4287-BF73-18A0C8ABC796}.Debug|Any CPU.Build.0 = Debug|iPhoneSimulator
		{51B97E1F-8CC3-4287-BF73-18A0C8ABC796}.Release|Any CPU.ActiveCfg = Release|iPhone
		{51B97E1F-8CC3-4287-BF73-18A0C8ABC796}.Release|Any CPU.Build.0 = Release|iPhone
		{51B97E1F-8CC3-4287-BF73-18A0C8ABC796}.Debug|iPhoneSimulator.ActiveCfg = Debug|iPhoneSimulator
		{51B97E1F-8CC3-4287-BF73-18A0C8ABC796}.Debug|iPhoneSimulator.Build.0 = Debug|iPhoneSimulator
		{51B97E1F-8CC3-4287-BF73-18A0C8ABC796}.Release|iPhone.ActiveCfg = Release|iPhone
		{51B97E1F-8CC3-4287-BF73-18A0C8ABC796}.Release|iPhone.Build.0 = Release|iPhone
		{51B97E1F-8CC3-4287-BF73-18A0C8ABC796}.Release|iPhoneSimulator.ActiveCfg = Release|iPhoneSimulator
		{51B97E1F-8CC3-4287-BF73-18A0C8ABC796}.Release|iPhoneSimulator.Build.0 = Release|iPhoneSimulator
		{51B97E1F-8CC3-4287-BF73-18A0C8ABC796}.Debug|iPhone.ActiveCfg = Debug|iPhone
		{51B97E1F-8CC3-4287-BF73-18A0C8ABC796}.Debug|iPhone.Build.0 = Debug|iPhone
	EndGlobalSection
EndGlobal
